
Microsoft Visual Studio Solution File, Format Version 12.00
# Visual Studio 14
VisualStudioVersion = 14.0.25420.1
MinimumVisualStudioVersion = 10.0.40219.1
Project("{8BC9CEB8-8B4A-11D0-8D11-00A0C91BC942}") = "PELoaderServer", "src\PELoaderServer\PELoaderServer.vcxproj", "{0D210F19-A071-443C-A4D4-37DF5A94A67A}"
EndProject
Project("{8BC9CEB8-8B4A-11D0-8D11-00A0C91BC942}") = "TestDLL", "tests\TestDLL\TestDLL.vcxproj", "{EB16B4BB-7B80-4CB8-841E-9E71AE3B0D9A}"
EndProject
Project("{8BC9CEB8-8B4A-11D0-8D11-00A0C91BC942}") = "CommandlineArguments", "src\CommandlineArguments\CommandlineArguments.vcxproj", "{53E385AA-BC97-4D66-8476-A3545380C92F}"
	ProjectSection(ProjectDependencies) = postProject
		{0D210F19-A071-443C-A4D4-37DF5A94A67A} = {0D210F19-A071-443C-A4D4-37DF5A94A67A}
		{EB16B4BB-7B80-4CB8-841E-9E71AE3B0D9A} = {EB16B4BB-7B80-4CB8-841E-9E71AE3B0D9A}
	EndProjectSection
EndProject
Global
	GlobalSection(SolutionConfigurationPlatforms) = preSolution
		Debug|x64 = Debug|x64
		Debug|x86 = Debug|x86
		Release|x64 = Release|x64
		Release|x86 = Release|x86
	EndGlobalSection
	GlobalSection(ProjectConfigurationPlatforms) = postSolution
		{0D210F19-A071-443C-A4D4-37DF5A94A67A}.Debug|x64.ActiveCfg = Debug|x64
		{0D210F19-A071-443C-A4D4-37DF5A94A67A}.Debug|x64.Build.0 = Debug|x64
		{0D210F19-A071-443C-A4D4-37DF5A94A67A}.Debug|x86.ActiveCfg = Debug|Win32
		{0D210F19-A071-443C-A4D4-37DF5A94A67A}.Debug|x86.Build.0 = Debug|Win32
		{0D210F19-A071-443C-A4D4-37DF5A94A67A}.Release|x64.ActiveCfg = Release|x64
		{0D210F19-A071-443C-A4D4-37DF5A94A67A}.Release|x64.Build.0 = Release|x64
		{0D210F19-A071-443C-A4D4-37DF5A94A67A}.Release|x86.ActiveCfg = Release|Win32
		{0D210F19-A071-443C-A4D4-37DF5A94A67A}.Release|x86.Build.0 = Release|Win32
		{EB16B4BB-7B80-4CB8-841E-9E71AE3B0D9A}.Debug|x64.ActiveCfg = Debug|x64
		{EB16B4BB-7B80-4CB8-841E-9E71AE3B0D9A}.Debug|x64.Build.0 = Debug|x64
		{EB16B4BB-7B80-4CB8-841E-9E71AE3B0D9A}.Debug|x86.ActiveCfg = Debug|Win32
		{EB16B4BB-7B80-4CB8-841E-9E71AE3B0D9A}.Debug|x86.Build.0 = Debug|Win32
		{EB16B4BB-7B80-4CB8-841E-9E71AE3B0D9A}.Release|x64.ActiveCfg = Release|x64
		{EB16B4BB-7B80-4CB8-841E-9E71AE3B0D9A}.Release|x64.Build.0 = Release|x64
		{EB16B4BB-7B80-4CB8-841E-9E71AE3B0D9A}.Release|x86.ActiveCfg = Release|Win32
		{EB16B4BB-7B80-4CB8-841E-9E71AE3B0D9A}.Release|x86.Build.0 = Release|Win32
		{53E385AA-BC97-4D66-8476-A3545380C92F}.Debug|x64.ActiveCfg = Debug|x64
		{53E385AA-BC97-4D66-8476-A3545380C92F}.Debug|x64.Build.0 = Debug|x64
		{53E385AA-BC97-4D66-8476-A3545380C92F}.Debug|x86.ActiveCfg = Debug|Win32
		{53E385AA-BC97-4D66-8476-A3545380C92F}.Debug|x86.Build.0 = Debug|Win32
		{53E385AA-BC97-4D66-8476-A3545380C92F}.Release|x64.ActiveCfg = Release|x64
		{53E385AA-BC97-4D66-8476-A3545380C92F}.Release|x64.Build.0 = Release|x64
		{53E385AA-BC97-4D66-8476-A3545380C92F}.Release|x86.ActiveCfg = Release|Win32
		{53E385AA-BC97-4D66-8476-A3545380C92F}.Release|x86.Build.0 = Release|Win32
	EndGlobalSection
	GlobalSection(SolutionProperties) = preSolution
		HideSolutionNode = FALSE
	EndGlobalSection
EndGlobal
